
Microsoft Visual Studio Solution File, Format Version 12.00
# Visual Studio 15
VisualStudioVersion = 15.0.27703.2042
MinimumVisualStudioVersion = 10.0.40219.1
Project("{FAE04EC0-301F-11D3-BF4B-00C04F79EFBC}") = "HelloWorld", "HelloWorld\HelloWorld.csproj", "{9F20B612-CEF8-45EC-997A-629B8509FBFB}"
EndProject
Project("{FAE04EC0-301F-11D3-BF4B-00C04F79EFBC}") = "Type", "Type\Type.csproj", "{3837B53D-2C7A-4232-BFDF-706791526434}"
EndProject
Project("{FAE04EC0-301F-11D3-BF4B-00C04F79EFBC}") = "Enum", "Enum\Enum.csproj", "{48205BF4-E380-4EF7-81D9-1FEFC4CA4FA8}"
EndProject
Global
	GlobalSection(SolutionConfigurationPlatforms) = preSolution
		Debug|Any CPU = Debug|Any CPU
		Release|Any CPU = Release|Any CPU
	EndGlobalSection
	GlobalSection(ProjectConfigurationPlatforms) = postSolution
		{9F20B612-CEF8-45EC-997A-629B8509FBFB}.Debug|Any CPU.ActiveCfg = Debug|Any CPU
		{9F20B612-CEF8-45EC-997A-629B8509FBFB}.Debug|Any CPU.Build.0 = Debug|Any CPU
		{9F20B612-CEF8-45EC-997A-629B8509FBFB}.Release|Any CPU.ActiveCfg = Release|Any CPU
		{9F20B612-CEF8-45EC-997A-629B8509FBFB}.Release|Any CPU.Build.0 = Release|Any CPU
		{3837B53D-2C7A-4232-BFDF-706791526434}.Debug|Any CPU.ActiveCfg = Debug|Any CPU
		{3837B53D-2C7A-4232-BFDF-706791526434}.Debug|Any CPU.Build.0 = Debug|Any CPU
		{3837B53D-2C7A-4232-BFDF-706791526434}.Release|Any CPU.ActiveCfg = Release|Any CPU
		{3837B53D-2C7A-4232-BFDF-706791526434}.Release|Any CPU.Build.0 = Release|Any CPU
		{48205BF4-E380-4EF7-81D9-1FEFC4CA4FA8}.Debug|Any CPU.ActiveCfg = Debug|Any CPU
		{48205BF4-E380-4EF7-81D9-1FEFC4CA4FA8}.Debug|Any CPU.Build.0 = Debug|Any CPU
		{48205BF4-E380-4EF7-81D9-1FEFC4CA4FA8}.Release|Any CPU.ActiveCfg = Release|Any CPU
		{48205BF4-E380-4EF7-81D9-1FEFC4CA4FA8}.Release|Any CPU.Build.0 = Release|Any CPU
	EndGlobalSection
	GlobalSection(SolutionProperties) = preSolution
		HideSolutionNode = FALSE
	EndGlobalSection
	GlobalSection(ExtensibilityGlobals) = postSolution
		SolutionGuid = {5BB4053C-E25B-4789-9ADE-418AA4F00D5B}
	EndGlobalSection
EndGlobal
